
Microsoft Visual Studio Solution File, Format Version 12.00
# Visual Studio Version 17
VisualStudioVersion = 17.2.32630.192
MinimumVisualStudioVersion = 10.0.40219.1
Project("{9A19103F-16F7-4668-BE54-9A1E7A4F7556}") = "LabLibraryTest", "LabLibraryTest.csproj", "{36E9C309-1736-43F9-81FC-8746AE9D9693}"
EndProject
Project("{9A19103F-16F7-4668-BE54-9A1E7A4F7556}") = "LabLibrary", "..\LabLibrary\LabLibrary.csproj", "{6C808081-E40F-42E0-A62E-D4566D7EF7FE}"
EndProject
Global
	GlobalSection(SolutionConfigurationPlatforms) = preSolution
		Debug|Any CPU = Debug|Any CPU
		Release|Any CPU = Release|Any CPU
	EndGlobalSection
	GlobalSection(ProjectConfigurationPlatforms) = postSolution
		{36E9C309-1736-43F9-81FC-8746AE9D9693}.Debug|Any CPU.ActiveCfg = Debug|Any CPU
		{36E9C309-1736-43F9-81FC-8746AE9D9693}.Debug|Any CPU.Build.0 = Debug|Any CPU
		{36E9C309-1736-43F9-81FC-8746AE9D9693}.Release|Any CPU.ActiveCfg = Release|Any CPU
		{36E9C309-1736-43F9-81FC-8746AE9D9693}.Release|Any CPU.Build.0 = Release|Any CPU
		{6C808081-E40F-42E0-A62E-D4566D7EF7FE}.Debug|Any CPU.ActiveCfg = Debug|Any CPU
		{6C808081-E40F-42E0-A62E-D4566D7EF7FE}.Debug|Any CPU.Build.0 = Debug|Any CPU
		{6C808081-E40F-42E0-A62E-D4566D7EF7FE}.Release|Any CPU.ActiveCfg = Release|Any CPU
		{6C808081-E40F-42E0-A62E-D4566D7EF7FE}.Release|Any CPU.Build.0 = Release|Any CPU
	EndGlobalSection
	GlobalSection(SolutionProperties) = preSolution
		HideSolutionNode = FALSE
	EndGlobalSection
	GlobalSection(ExtensibilityGlobals) = postSolution
		SolutionGuid = {C9C88423-7214-4A76-8866-BBCBD74C92CD}
	EndGlobalSection
EndGlobal
